// !$*UTF8*$!
{
	archiveVersion = 1;
	classes = {
	};
	objectVersion = 56;
	objects = {

/* Begin PBXBuildFile section */
		AF1B14B02B6E4581007A86C5 /* AppDelegate.swift in Sources */ = {isa = PBXBuildFile; fileRef = AF1B14AF2B6E4581007A86C5 /* AppDelegate.swift */; };
		AF1B14B22B6E4581007A86C5 /* SceneDelegate.swift in Sources */ = {isa = PBXBuildFile; fileRef = AF1B14B12B6E4581007A86C5 /* SceneDelegate.swift */; };
		AF1B14B42B6E4581007A86C5 /* LoginViewController.swift in Sources */ = {isa = PBXBuildFile; fileRef = AF1B14B32B6E4581007A86C5 /* LoginViewController.swift */; };
		AF1B14B92B6E4584007A86C5 /* Assets.xcassets in Resources */ = {isa = PBXBuildFile; fileRef = AF1B14B82B6E4584007A86C5 /* Assets.xcassets */; };
		AF1B14BC2B6E4584007A86C5 /* LaunchScreen.storyboard in Resources */ = {isa = PBXBuildFile; fileRef = AF1B14BA2B6E4584007A86C5 /* LaunchScreen.storyboard */; };
		AF1B14C72B6E4585007A86C5 /* MoneyMap_iOSTests.swift in Sources */ = {isa = PBXBuildFile; fileRef = AF1B14C62B6E4585007A86C5 /* MoneyMap_iOSTests.swift */; };
		AF1B14D12B6E4585007A86C5 /* MoneyMap_iOSUITests.swift in Sources */ = {isa = PBXBuildFile; fileRef = AF1B14D02B6E4585007A86C5 /* MoneyMap_iOSUITests.swift */; };
		AF1B14D32B6E4585007A86C5 /* MoneyMap_iOSUITestsLaunchTests.swift in Sources */ = {isa = PBXBuildFile; fileRef = AF1B14D22B6E4585007A86C5 /* MoneyMap_iOSUITestsLaunchTests.swift */; };
/* End PBXBuildFile section */

/* Begin PBXContainerItemProxy section */
		AF1B14C32B6E4585007A86C5 /* PBXContainerItemProxy */ = {
			isa = PBXContainerItemProxy;
			containerPortal = AF1B14A42B6E4581007A86C5 /* Project object */;
			proxyType = 1;
			remoteGlobalIDString = AF1B14AB2B6E4581007A86C5;
			remoteInfo = "MoneyMap-iOS";
		};
		AF1B14CD2B6E4585007A86C5 /* PBXContainerItemProxy */ = {
			isa = PBXContainerItemProxy;
			containerPortal = AF1B14A42B6E4581007A86C5 /* Project object */;
			proxyType = 1;
			remoteGlobalIDString = AF1B14AB2B6E4581007A86C5;
			remoteInfo = "MoneyMap-iOS";
		};
/* End PBXContainerItemProxy section */

/* Begin PBXFileReference section */
		AF1B14AC2B6E4581007A86C5 /* MoneyMap-iOS.app */ = {isa = PBXFileReference; explicitFileType = wrapper.application; includeInIndex = 0; path = "MoneyMap-iOS.app"; sourceTree = BUILT_PRODUCTS_DIR; };
		AF1B14AF2B6E4581007A86C5 /* AppDelegate.swift */ = {isa = PBXFileReference; lastKnownFileType = sourcecode.swift; path = AppDelegate.swift; sourceTree = "<group>"; };
		AF1B14B12B6E4581007A86C5 /* SceneDelegate.swift */ = {isa = PBXFileReference; lastKnownFileType = sourcecode.swift; path = SceneDelegate.swift; sourceTree = "<group>"; };
		AF1B14B32B6E4581007A86C5 /* LoginViewController.swift */ = {isa = PBXFileReference; lastKnownFileType = sourcecode.swift; path = LoginViewController.swift; sourceTree = "<group>"; };
		AF1B14B82B6E4584007A86C5 /* Assets.xcassets */ = {isa = PBXFileReference; lastKnownFileType = folder.assetcatalog; path = Assets.xcassets; sourceTree = "<group>"; };
		AF1B14BB2B6E4584007A86C5 /* Base */ = {isa = PBXFileReference; lastKnownFileType = file.storyboard; name = Base; path = Base.lproj/LaunchScreen.storyboard; sourceTree = "<group>"; };
		AF1B14BD2B6E4584007A86C5 /* Info.plist */ = {isa = PBXFileReference; lastKnownFileType = text.plist.xml; path = Info.plist; sourceTree = "<group>"; };
		AF1B14C22B6E4585007A86C5 /* MoneyMap-iOSTests.xctest */ = {isa = PBXFileReference; explicitFileType = wrapper.cfbundle; includeInIndex = 0; path = "MoneyMap-iOSTests.xctest"; sourceTree = BUILT_PRODUCTS_DIR; };
		AF1B14C62B6E4585007A86C5 /* MoneyMap_iOSTests.swift */ = {isa = PBXFileReference; lastKnownFileType = sourcecode.swift; path = MoneyMap_iOSTests.swift; sourceTree = "<group>"; };
		AF1B14CC2B6E4585007A86C5 /* MoneyMap-iOSUITests.xctest */ = {isa = PBXFileReference; explicitFileType = wrapper.cfbundle; includeInIndex = 0; path = "MoneyMap-iOSUITests.xctest"; sourceTree = BUILT_PRODUCTS_DIR; };
		AF1B14D02B6E4585007A86C5 /* MoneyMap_iOSUITests.swift */ = {isa = PBXFileReference; lastKnownFileType = sourcecode.swift; path = MoneyMap_iOSUITests.swift; sourceTree = "<group>"; };
		AF1B14D22B6E4585007A86C5 /* MoneyMap_iOSUITestsLaunchTests.swift */ = {isa = PBXFileReference; lastKnownFileType = sourcecode.swift; path = MoneyMap_iOSUITestsLaunchTests.swift; sourceTree = "<group>"; };
/* End PBXFileReference section */

/* Begin PBXFrameworksBuildPhase section */
		AF1B14A92B6E4581007A86C5 /* Frameworks */ = {
			isa = PBXFrameworksBuildPhase;
			buildActionMask = 2147483647;
			files = (
			);
			runOnlyForDeploymentPostprocessing = 0;
		};
		AF1B14BF2B6E4585007A86C5 /* Frameworks */ = {
			isa = PBXFrameworksBuildPhase;
			buildActionMask = 2147483647;
			files = (
			);
			runOnlyForDeploymentPostprocessing = 0;
		};
		AF1B14C92B6E4585007A86C5 /* Frameworks */ = {
			isa = PBXFrameworksBuildPhase;
			buildActionMask = 2147483647;
			files = (
			);
			runOnlyForDeploymentPostprocessing = 0;
		};
/* End PBXFrameworksBuildPhase section */

/* Begin PBXGroup section */
		AF1B14A32B6E4581007A86C5 = {
			isa = PBXGroup;
			children = (
				AF1B14AE2B6E4581007A86C5 /* MoneyMap-iOS */,
				AF1B14C52B6E4585007A86C5 /* MoneyMap-iOSTests */,
				AF1B14CF2B6E4585007A86C5 /* MoneyMap-iOSUITests */,
				AF1B14AD2B6E4581007A86C5 /* Products */,
			);
			sourceTree = "<group>";
		};
		AF1B14AD2B6E4581007A86C5 /* Products */ = {
			isa = PBXGroup;
			children = (
				AF1B14AC2B6E4581007A86C5 /* MoneyMap-iOS.app */,
				AF1B14C22B6E4585007A86C5 /* MoneyMap-iOSTests.xctest */,
				AF1B14CC2B6E4585007A86C5 /* MoneyMap-iOSUITests.xctest */,
			);
			name = Products;
			sourceTree = "<group>";
		};
		AF1B14AE2B6E4581007A86C5 /* MoneyMap-iOS */ = {
			isa = PBXGroup;
			children = (
				AF1B14E42B6E4734007A86C5 /* ViewControllers */,
				AF1B14E32B6E4725007A86C5 /* ViewModels */,
				AF1B14E22B6E471D007A86C5 /* Views */,
				AF1B14E02B6E46F3007A86C5 /* Resources */,
				AF1B14DF2B6E46E8007A86C5 /* Models */,
				AF1B14B32B6E4581007A86C5 /* LoginViewController.swift */,
				AF1B14BD2B6E4584007A86C5 /* Info.plist */,
			);
			path = "MoneyMap-iOS";
			sourceTree = "<group>";
		};
		AF1B14C52B6E4585007A86C5 /* MoneyMap-iOSTests */ = {
			isa = PBXGroup;
			children = (
				AF1B14C62B6E4585007A86C5 /* MoneyMap_iOSTests.swift */,
			);
			path = "MoneyMap-iOSTests";
			sourceTree = "<group>";
		};
		AF1B14CF2B6E4585007A86C5 /* MoneyMap-iOSUITests */ = {
			isa = PBXGroup;
			children = (
				AF1B14D02B6E4585007A86C5 /* MoneyMap_iOSUITests.swift */,
				AF1B14D22B6E4585007A86C5 /* MoneyMap_iOSUITestsLaunchTests.swift */,
			);
			path = "MoneyMap-iOSUITests";
			sourceTree = "<group>";
		};
		AF1B14DF2B6E46E8007A86C5 /* Models */ = {
			isa = PBXGroup;
			children = (
			);
			path = Models;
			sourceTree = "<group>";
		};
		AF1B14E02B6E46F3007A86C5 /* Resources */ = {
			isa = PBXGroup;
			children = (
				AF1B14AF2B6E4581007A86C5 /* AppDelegate.swift */,
				AF1B14B12B6E4581007A86C5 /* SceneDelegate.swift */,
				AF1B14B82B6E4584007A86C5 /* Assets.xcassets */,
			);
			path = Resources;
			sourceTree = "<group>";
		};
		AF1B14E22B6E471D007A86C5 /* Views */ = {
			isa = PBXGroup;
			children = (
				AF1B14BA2B6E4584007A86C5 /* LaunchScreen.storyboard */,
			);
			path = Views;
			sourceTree = "<group>";
		};
		AF1B14E32B6E4725007A86C5 /* ViewModels */ = {
			isa = PBXGroup;
			children = (
			);
			path = ViewModels;
			sourceTree = "<group>";
		};
		AF1B14E42B6E4734007A86C5 /* ViewControllers */ = {
			isa = PBXGroup;
			children = (
			);
			path = ViewControllers;
			sourceTree = "<group>";
		};
/* End PBXGroup section */

/* Begin PBXNativeTarget section */
		AF1B14AB2B6E4581007A86C5 /* MoneyMap-iOS */ = {
			isa = PBXNativeTarget;
			buildConfigurationList = AF1B14D62B6E4585007A86C5 /* Build configuration list for PBXNativeTarget "MoneyMap-iOS" */;
			buildPhases = (
				AF1B14A82B6E4581007A86C5 /* Sources */,
				AF1B14A92B6E4581007A86C5 /* Frameworks */,
				AF1B14AA2B6E4581007A86C5 /* Resources */,
			);
			buildRules = (
			);
			dependencies = (
			);
			name = "MoneyMap-iOS";
			productName = "MoneyMap-iOS";
			productReference = AF1B14AC2B6E4581007A86C5 /* MoneyMap-iOS.app */;
			productType = "com.apple.product-type.application";
		};
		AF1B14C12B6E4585007A86C5 /* MoneyMap-iOSTests */ = {
			isa = PBXNativeTarget;
			buildConfigurationList = AF1B14D92B6E4585007A86C5 /* Build configuration list for PBXNativeTarget "MoneyMap-iOSTests" */;
			buildPhases = (
				AF1B14BE2B6E4585007A86C5 /* Sources */,
				AF1B14BF2B6E4585007A86C5 /* Frameworks */,
				AF1B14C02B6E4585007A86C5 /* Resources */,
			);
			buildRules = (
			);
			dependencies = (
				AF1B14C42B6E4585007A86C5 /* PBXTargetDependency */,
			);
			name = "MoneyMap-iOSTests";
			productName = "MoneyMap-iOSTests";
			productReference = AF1B14C22B6E4585007A86C5 /* MoneyMap-iOSTests.xctest */;
			productType = "com.apple.product-type.bundle.unit-test";
		};
		AF1B14CB2B6E4585007A86C5 /* MoneyMap-iOSUITests */ = {
			isa = PBXNativeTarget;
			buildConfigurationList = AF1B14DC2B6E4585007A86C5 /* Build configuration list for PBXNativeTarget "MoneyMap-iOSUITests" */;
			buildPhases = (
				AF1B14C82B6E4585007A86C5 /* Sources */,
				AF1B14C92B6E4585007A86C5 /* Frameworks */,
				AF1B14CA2B6E4585007A86C5 /* Resources */,
			);
			buildRules = (
			);
			dependencies = (
				AF1B14CE2B6E4585007A86C5 /* PBXTargetDependency */,
			);
			name = "MoneyMap-iOSUITests";
			productName = "MoneyMap-iOSUITests";
			productReference = AF1B14CC2B6E4585007A86C5 /* MoneyMap-iOSUITests.xctest */;
			productType = "com.apple.product-type.bundle.ui-testing";
		};
/* End PBXNativeTarget section */

/* Begin PBXProject section */
		AF1B14A42B6E4581007A86C5 /* Project object */ = {
			isa = PBXProject;
			attributes = {
				BuildIndependentTargetsInParallel = 1;
				LastSwiftUpdateCheck = 1520;
				LastUpgradeCheck = 1520;
				TargetAttributes = {
					AF1B14AB2B6E4581007A86C5 = {
						CreatedOnToolsVersion = 15.2;
					};
					AF1B14C12B6E4585007A86C5 = {
						CreatedOnToolsVersion = 15.2;
						TestTargetID = AF1B14AB2B6E4581007A86C5;
					};
					AF1B14CB2B6E4585007A86C5 = {
						CreatedOnToolsVersion = 15.2;
						TestTargetID = AF1B14AB2B6E4581007A86C5;
					};
				};
			};
			buildConfigurationList = AF1B14A72B6E4581007A86C5 /* Build configuration list for PBXProject "MoneyMap-iOS" */;
			compatibilityVersion = "Xcode 14.0";
			developmentRegion = en;
			hasScannedForEncodings = 0;
			knownRegions = (
				en,
				Base,
			);
			mainGroup = AF1B14A32B6E4581007A86C5;
			productRefGroup = AF1B14AD2B6E4581007A86C5 /* Products */;
			projectDirPath = "";
			projectRoot = "";
			targets = (
				AF1B14AB2B6E4581007A86C5 /* MoneyMap-iOS */,
				AF1B14C12B6E4585007A86C5 /* MoneyMap-iOSTests */,
				AF1B14CB2B6E4585007A86C5 /* MoneyMap-iOSUITests */,
			);
		};
/* End PBXProject section */

/* Begin PBXResourcesBuildPhase section */
		AF1B14AA2B6E4581007A86C5 /* Resources */ = {
			isa = PBXResourcesBuildPhase;
			buildActionMask = 2147483647;
			files = (
				AF1B14BC2B6E4584007A86C5 /* LaunchScreen.storyboard in Resources */,
				AF1B14B92B6E4584007A86C5 /* Assets.xcassets in Resources */,
			);
			runOnlyForDeploymentPostprocessing = 0;
		};
		AF1B14C02B6E4585007A86C5 /* Resources */ = {
			isa = PBXResourcesBuildPhase;
			buildActionMask = 2147483647;
			files = (
			);
			runOnlyForDeploymentPostprocessing = 0;
		};
		AF1B14CA2B6E4585007A86C5 /* Resources */ = {
			isa = PBXResourcesBuildPhase;
			buildActionMask = 2147483647;
			files = (
			);
			runOnlyForDeploymentPostprocessing = 0;
		};
/* End PBXResourcesBuildPhase section */

/* Begin PBXSourcesBuildPhase section */
		AF1B14A82B6E4581007A86C5 /* Sources */ = {
			isa = PBXSourcesBuildPhase;
			buildActionMask = 2147483647;
			files = (
				AF1B14B42B6E4581007A86C5 /* LoginViewController.swift in Sources */,
				AF1B14B02B6E4581007A86C5 /* AppDelegate.swift in Sources */,
				AF1B14B22B6E4581007A86C5 /* SceneDelegate.swift in Sources */,
			);
			runOnlyForDeploymentPostprocessing = 0;
		};
		AF1B14BE2B6E4585007A86C5 /* Sources */ = {
			isa = PBXSourcesBuildPhase;
			buildActionMask = 2147483647;
			files = (
				AF1B14C72B6E4585007A86C5 /* MoneyMap_iOSTests.swift in Sources */,
			);
			runOnlyForDeploymentPostprocessing = 0;
		};
		AF1B14C82B6E4585007A86C5 /* Sources */ = {
			isa = PBXSourcesBuildPhase;
			buildActionMask = 2147483647;
			files = (
				AF1B14D32B6E4585007A86C5 /* MoneyMap_iOSUITestsLaunchTests.swift in Sources */,
				AF1B14D12B6E4585007A86C5 /* MoneyMap_iOSUITests.swift in Sources */,
			);
			runOnlyForDeploymentPostprocessing = 0;
		};
/* End PBXSourcesBuildPhase section */

/* Begin PBXTargetDependency section */
		AF1B14C42B6E4585007A86C5 /* PBXTargetDependency */ = {
			isa = PBXTargetDependency;
			target = AF1B14AB2B6E4581007A86C5 /* MoneyMap-iOS */;
			targetProxy = AF1B14C32B6E4585007A86C5 /* PBXContainerItemProxy */;
		};
		AF1B14CE2B6E4585007A86C5 /* PBXTargetDependency */ = {
			isa = PBXTargetDependency;
			target = AF1B14AB2B6E4581007A86C5 /* MoneyMap-iOS */;
			targetProxy = AF1B14CD2B6E4585007A86C5 /* PBXContainerItemProxy */;
		};
/* End PBXTargetDependency section */

/* Begin PBXVariantGroup section */
		AF1B14BA2B6E4584007A86C5 /* LaunchScreen.storyboard */ = {
			isa = PBXVariantGroup;
			children = (
				AF1B14BB2B6E4584007A86C5 /* Base */,
			);
			name = LaunchScreen.storyboard;
			sourceTree = "<group>";
		};
/* End PBXVariantGroup section */

/* Begin XCBuildConfiguration section */
		AF1B14D42B6E4585007A86C5 /* Debug */ = {
			isa = XCBuildConfiguration;
			buildSettings = {
				ALWAYS_SEARCH_USER_PATHS = NO;
				ASSETCATALOG_COMPILER_GENERATE_SWIFT_ASSET_SYMBOL_EXTENSIONS = YES;
				CLANG_ANALYZER_NONNULL = YES;
				CLANG_ANALYZER_NUMBER_OBJECT_CONVERSION = YES_AGGRESSIVE;
				CLANG_CXX_LANGUAGE_STANDARD = "gnu++20";
				CLANG_ENABLE_MODULES = YES;
				CLANG_ENABLE_OBJC_ARC = YES;
				CLANG_ENABLE_OBJC_WEAK = YES;
				CLANG_WARN_BLOCK_CAPTURE_AUTORELEASING = YES;
				CLANG_WARN_BOOL_CONVERSION = YES;
				CLANG_WARN_COMMA = YES;
				CLANG_WARN_CONSTANT_CONVERSION = YES;
				CLANG_WARN_DEPRECATED_OBJC_IMPLEMENTATIONS = YES;
				CLANG_WARN_DIRECT_OBJC_ISA_USAGE = YES_ERROR;
				CLANG_WARN_DOCUMENTATION_COMMENTS = YES;
				CLANG_WARN_EMPTY_BODY = YES;
				CLANG_WARN_ENUM_CONVERSION = YES;
				CLANG_WARN_INFINITE_RECURSION = YES;
				CLANG_WARN_INT_CONVERSION = YES;
				CLANG_WARN_NON_LITERAL_NULL_CONVERSION = YES;
				CLANG_WARN_OBJC_IMPLICIT_RETAIN_SELF = YES;
				CLANG_WARN_OBJC_LITERAL_CONVERSION = YES;
				CLANG_WARN_OBJC_ROOT_CLASS = YES_ERROR;
				CLANG_WARN_QUOTED_INCLUDE_IN_FRAMEWORK_HEADER = YES;
				CLANG_WARN_RANGE_LOOP_ANALYSIS = YES;
				CLANG_WARN_STRICT_PROTOTYPES = YES;
				CLANG_WARN_SUSPICIOUS_MOVE = YES;
				CLANG_WARN_UNGUARDED_AVAILABILITY = YES_AGGRESSIVE;
				CLANG_WARN_UNREACHABLE_CODE = YES;
				CLANG_WARN__DUPLICATE_METHOD_MATCH = YES;
				COPY_PHASE_STRIP = NO;
				DEBUG_INFORMATION_FORMAT = dwarf;
				ENABLE_STRICT_OBJC_MSGSEND = YES;
				ENABLE_TESTABILITY = YES;
				ENABLE_USER_SCRIPT_SANDBOXING = YES;
				GCC_C_LANGUAGE_STANDARD = gnu17;
				GCC_DYNAMIC_NO_PIC = NO;
				GCC_NO_COMMON_BLOCKS = YES;
				GCC_OPTIMIZATION_LEVEL = 0;
				GCC_PREPROCESSOR_DEFINITIONS = (
					"DEBUG=1",
					"$(inherited)",
				);
				GCC_WARN_64_TO_32_BIT_CONVERSION = YES;
				GCC_WARN_ABOUT_RETURN_TYPE = YES_ERROR;
				GCC_WARN_UNDECLARED_SELECTOR = YES;
				GCC_WARN_UNINITIALIZED_AUTOS = YES_AGGRESSIVE;
				GCC_WARN_UNUSED_FUNCTION = YES;
				GCC_WARN_UNUSED_VARIABLE = YES;
				IPHONEOS_DEPLOYMENT_TARGET = 17.2;
				LOCALIZATION_PREFERS_STRING_CATALOGS = YES;
				MTL_ENABLE_DEBUG_INFO = INCLUDE_SOURCE;
				MTL_FAST_MATH = YES;
				ONLY_ACTIVE_ARCH = YES;
				SDKROOT = iphoneos;
				SWIFT_ACTIVE_COMPILATION_CONDITIONS = "DEBUG $(inherited)";
				SWIFT_OPTIMIZATION_LEVEL = "-Onone";
			};
			name = Debug;
		};
		AF1B14D52B6E4585007A86C5 /* Release */ = {
			isa = XCBuildConfiguration;
			buildSettings = {
				ALWAYS_SEARCH_USER_PATHS = NO;
				ASSETCATALOG_COMPILER_GENERATE_SWIFT_ASSET_SYMBOL_EXTENSIONS = YES;
				CLANG_ANALYZER_NONNULL = YES;
				CLANG_ANALYZER_NUMBER_OBJECT_CONVERSION = YES_AGGRESSIVE;
				CLANG_CXX_LANGUAGE_STANDARD = "gnu++20";
				CLANG_ENABLE_MODULES = YES;
				CLANG_ENABLE_OBJC_ARC = YES;
				CLANG_ENABLE_OBJC_WEAK = YES;
				CLANG_WARN_BLOCK_CAPTURE_AUTORELEASING = YES;
				CLANG_WARN_BOOL_CONVERSION = YES;
				CLANG_WARN_COMMA = YES;
				CLANG_WARN_CONSTANT_CONVERSION = YES;
				CLANG_WARN_DEPRECATED_OBJC_IMPLEMENTATIONS = YES;
				CLANG_WARN_DIRECT_OBJC_ISA_USAGE = YES_ERROR;
				CLANG_WARN_DOCUMENTATION_COMMENTS = YES;
				CLANG_WARN_EMPTY_BODY = YES;
				CLANG_WARN_ENUM_CONVERSION = YES;
				CLANG_WARN_INFINITE_RECURSION = YES;
				CLANG_WARN_INT_CONVERSION = YES;
				CLANG_WARN_NON_LITERAL_NULL_CONVERSION = YES;
				CLANG_WARN_OBJC_IMPLICIT_RETAIN_SELF = YES;
				CLANG_WARN_OBJC_LITERAL_CONVERSION = YES;
				CLANG_WARN_OBJC_ROOT_CLASS = YES_ERROR;
				CLANG_WARN_QUOTED_INCLUDE_IN_FRAMEWORK_HEADER = YES;
				CLANG_WARN_RANGE_LOOP_ANALYSIS = YES;
				CLANG_WARN_STRICT_PROTOTYPES = YES;
				CLANG_WARN_SUSPICIOUS_MOVE = YES;
				CLANG_WARN_UNGUARDED_AVAILABILITY = YES_AGGRESSIVE;
				CLANG_WARN_UNREACHABLE_CODE = YES;
				CLANG_WARN__DUPLICATE_METHOD_MATCH = YES;
				COPY_PHASE_STRIP = NO;
				DEBUG_INFORMATION_FORMAT = "dwarf-with-dsym";
				ENABLE_NS_ASSERTIONS = NO;
				ENABLE_STRICT_OBJC_MSGSEND = YES;
				ENABLE_USER_SCRIPT_SANDBOXING = YES;
				GCC_C_LANGUAGE_STANDARD = gnu17;
				GCC_NO_COMMON_BLOCKS = YES;
				GCC_WARN_64_TO_32_BIT_CONVERSION = YES;
				GCC_WARN_ABOUT_RETURN_TYPE = YES_ERROR;
				GCC_WARN_UNDECLARED_SELECTOR = YES;
				GCC_WARN_UNINITIALIZED_AUTOS = YES_AGGRESSIVE;
				GCC_WARN_UNUSED_FUNCTION = YES;
				GCC_WARN_UNUSED_VARIABLE = YES;
				IPHONEOS_DEPLOYMENT_TARGET = 17.2;
				LOCALIZATION_PREFERS_STRING_CATALOGS = YES;
				MTL_ENABLE_DEBUG_INFO = NO;
				MTL_FAST_MATH = YES;
				SDKROOT = iphoneos;
				SWIFT_COMPILATION_MODE = wholemodule;
				VALIDATE_PRODUCT = YES;
			};
			name = Release;
		};
		AF1B14D72B6E4585007A86C5 /* Debug */ = {
			isa = XCBuildConfiguration;
			buildSettings = {
				ASSETCATALOG_COMPILER_APPICON_NAME = AppIcon;
				ASSETCATALOG_COMPILER_GLOBAL_ACCENT_COLOR_NAME = AccentColor;
				CODE_SIGN_STYLE = Automatic;
				CURRENT_PROJECT_VERSION = 1;
				DEVELOPMENT_TEAM = 8UX4SVZ22M;
				GENERATE_INFOPLIST_FILE = YES;
				INFOPLIST_FILE = "MoneyMap-iOS/Info.plist";
				INFOPLIST_KEY_UIApplicationSupportsIndirectInputEvents = YES;
				INFOPLIST_KEY_UILaunchStoryboardName = LaunchScreen;
				INFOPLIST_KEY_UISupportedInterfaceOrientations_iPad = "UIInterfaceOrientationPortrait UIInterfaceOrientationPortraitUpsideDown UIInterfaceOrientationLandscapeLeft UIInterfaceOrientationLandscapeRight";
				INFOPLIST_KEY_UISupportedInterfaceOrientations_iPhone = "UIInterfaceOrientationPortrait UIInterfaceOrientationLandscapeLeft UIInterfaceOrientationLandscapeRight";
				LD_RUNPATH_SEARCH_PATHS = (
					"$(inherited)",
					"@executable_path/Frameworks",
				);
				MARKETING_VERSION = 1.0;
				PRODUCT_BUNDLE_IDENTIFIER = "com.venu.MoneyMap-iOS";
				PRODUCT_NAME = "$(TARGET_NAME)";
				SWIFT_EMIT_LOC_STRINGS = YES;
				SWIFT_VERSION = 5.0;
				TARGETED_DEVICE_FAMILY = "1,2";
			};
			name = Debug;
		};
		AF1B14D82B6E4585007A86C5 /* Release */ = {
			isa = XCBuildConfiguration;
			buildSettings = {
				ASSETCATALOG_COMPILER_APPICON_NAME = AppIcon;
				ASSETCATALOG_COMPILER_GLOBAL_ACCENT_COLOR_NAME = AccentColor;
				CODE_SIGN_STYLE = Automatic;
				CURRENT_PROJECT_VERSION = 1;
				DEVELOPMENT_TEAM = 8UX4SVZ22M;
				GENERATE_INFOPLIST_FILE = YES;
				INFOPLIST_FILE = "MoneyMap-iOS/Info.plist";
				INFOPLIST_KEY_UIApplicationSupportsIndirectInputEvents = YES;
				INFOPLIST_KEY_UILaunchStoryboardName = LaunchScreen;
				INFOPLIST_KEY_UISupportedInterfaceOrientations_iPad = "UIInterfaceOrientationPortrait UIInterfaceOrientationPortraitUpsideDown UIInterfaceOrientationLandscapeLeft UIInterfaceOrientationLandscapeRight";
				INFOPLIST_KEY_UISupportedInterfaceOrientations_iPhone = "UIInterfaceOrientationPortrait UIInterfaceOrientationLandscapeLeft UIInterfaceOrientationLandscapeRight";
				LD_RUNPATH_SEARCH_PATHS = (
					"$(inherited)",
					"@executable_path/Frameworks",
				);
				MARKETING_VERSION = 1.0;
				PRODUCT_BUNDLE_IDENTIFIER = "com.venu.MoneyMap-iOS";
				PRODUCT_NAME = "$(TARGET_NAME)";
				SWIFT_EMIT_LOC_STRINGS = YES;
				SWIFT_VERSION = 5.0;
				TARGETED_DEVICE_FAMILY = "1,2";
			};
			name = Release;
		};
		AF1B14DA2B6E4585007A86C5 /* Debug */ = {
			isa = XCBuildConfiguration;
			buildSettings = {
				ALWAYS_EMBED_SWIFT_STANDARD_LIBRARIES = YES;
				BUNDLE_LOADER = "$(TEST_HOST)";
				CODE_SIGN_STYLE = Automatic;
				CURRENT_PROJECT_VERSION = 1;
				DEVELOPMENT_TEAM = 8UX4SVZ22M;
				GENERATE_INFOPLIST_FILE = YES;
				IPHONEOS_DEPLOYMENT_TARGET = 17.2;
				MARKETING_VERSION = 1.0;
				PRODUCT_BUNDLE_IDENTIFIER = "com.venu.MoneyMap-iOSTests";
				PRODUCT_NAME = "$(TARGET_NAME)";
				SWIFT_EMIT_LOC_STRINGS = NO;
				SWIFT_VERSION = 5.0;
				TARGETED_DEVICE_FAMILY = "1,2";
				TEST_HOST = "$(BUILT_PRODUCTS_DIR)/MoneyMap-iOS.app/$(BUNDLE_EXECUTABLE_FOLDER_PATH)/MoneyMap-iOS";
			};
			name = Debug;
		};
		AF1B14DB2B6E4585007A86C5 /* Release */ = {
			isa = XCBuildConfiguration;
			buildSettings = {
				ALWAYS_EMBED_SWIFT_STANDARD_LIBRARIES = YES;
				BUNDLE_LOADER = "$(TEST_HOST)";
				CODE_SIGN_STYLE = Automatic;
				CURRENT_PROJECT_VERSION = 1;
				DEVELOPMENT_TEAM = 8UX4SVZ22M;
				GENERATE_INFOPLIST_FILE = YES;
				IPHONEOS_DEPLOYMENT_TARGET = 17.2;
				MARKETING_VERSION = 1.0;
				PRODUCT_BUNDLE_IDENTIFIER = "com.venu.MoneyMap-iOSTests";
				PRODUCT_NAME = "$(TARGET_NAME)";
				SWIFT_EMIT_LOC_STRINGS = NO;
				SWIFT_VERSION = 5.0;
				TARGETED_DEVICE_FAMILY = "1,2";
				TEST_HOST = "$(BUILT_PRODUCTS_DIR)/MoneyMap-iOS.app/$(BUNDLE_EXECUTABLE_FOLDER_PATH)/MoneyMap-iOS";
			};
			name = Release;
		};
		AF1B14DD2B6E4585007A86C5 /* Debug */ = {
			isa = XCBuildConfiguration;
			buildSettings = {
				ALWAYS_EMBED_SWIFT_STANDARD_LIBRARIES = YES;
				CODE_SIGN_STYLE = Automatic;
				CURRENT_PROJECT_VERSION = 1;
				DEVELOPMENT_TEAM = 8UX4SVZ22M;
				GENERATE_INFOPLIST_FILE = YES;
				MARKETING_VERSION = 1.0;
				PRODUCT_BUNDLE_IDENTIFIER = "com.venu.MoneyMap-iOSUITests";
				PRODUCT_NAME = "$(TARGET_NAME)";
				SWIFT_EMIT_LOC_STRINGS = NO;
				SWIFT_VERSION = 5.0;
				TARGETED_DEVICE_FAMILY = "1,2";
				TEST_TARGET_NAME = "MoneyMap-iOS";
			};
			name = Debug;
		};
		AF1B14DE2B6E4585007A86C5 /* Release */ = {
			isa = XCBuildConfiguration;
			buildSettings = {
				ALWAYS_EMBED_SWIFT_STANDARD_LIBRARIES = YES;
				CODE_SIGN_STYLE = Automatic;
				CURRENT_PROJECT_VERSION = 1;
				DEVELOPMENT_TEAM = 8UX4SVZ22M;
				GENERATE_INFOPLIST_FILE = YES;
				MARKETING_VERSION = 1.0;
				PRODUCT_BUNDLE_IDENTIFIER = "com.venu.MoneyMap-iOSUITests";
				PRODUCT_NAME = "$(TARGET_NAME)";
				SWIFT_EMIT_LOC_STRINGS = NO;
				SWIFT_VERSION = 5.0;
				TARGETED_DEVICE_FAMILY = "1,2";
				TEST_TARGET_NAME = "MoneyMap-iOS";
			};
			name = Release;
		};
/* End XCBuildConfiguration section */

/* Begin XCConfigurationList section */
		AF1B14A72B6E4581007A86C5 /* Build configuration list for PBXProject "MoneyMap-iOS" */ = {
			isa = XCConfigurationList;
			buildConfigurations = (
				AF1B14D42B6E4585007A86C5 /* Debug */,
				AF1B14D52B6E4585007A86C5 /* Release */,
			);
			defaultConfigurationIsVisible = 0;
			defaultConfigurationName = Release;
		};
		AF1B14D62B6E4585007A86C5 /* Build configuration list for PBXNativeTarget "MoneyMap-iOS" */ = {
			isa = XCConfigurationList;
			buildConfigurations = (
				AF1B14D72B6E4585007A86C5 /* Debug */,
				AF1B14D82B6E4585007A86C5 /* Release */,
			);
			defaultConfigurationIsVisible = 0;
			defaultConfigurationName = Release;
		};
		AF1B14D92B6E4585007A86C5 /* Build configuration list for PBXNativeTarget "MoneyMap-iOSTests" */ = {
			isa = XCConfigurationList;
			buildConfigurations = (
				AF1B14DA2B6E4585007A86C5 /* Debug */,
				AF1B14DB2B6E4585007A86C5 /* Release */,
			);
			defaultConfigurationIsVisible = 0;
			defaultConfigurationName = Release;
		};
		AF1B14DC2B6E4585007A86C5 /* Build configuration list for PBXNativeTarget "MoneyMap-iOSUITests" */ = {
			isa = XCConfigurationList;
			buildConfigurations = (
				AF1B14DD2B6E4585007A86C5 /* Debug */,
				AF1B14DE2B6E4585007A86C5 /* Release */,
			);
			defaultConfigurationIsVisible = 0;
			defaultConfigurationName = Release;
		};
/* End XCConfigurationList section */
	};
	rootObject = AF1B14A42B6E4581007A86C5 /* Project object */;
}
